
Microsoft Visual Studio Solution File, Format Version 12.00
# Visual Studio Version 16
VisualStudioVersion = 16.0.32228.343
MinimumVisualStudioVersion = 10.0.40219.1
Project("{FAE04EC0-301F-11D3-BF4B-00C04F79EFBC}") = "TesteJr", "TesteJr\TesteJr.csproj", "{ECF8C75D-B81B-4BAA-9C1C-9E65A0A5A59E}"
EndProject
Project("{FAE04EC0-301F-11D3-BF4B-00C04F79EFBC}") = "Testejr.DAL", "Testejr.DAL\Testejr.DAL.csproj", "{46068B79-C391-495D-B55E-E01FFCC0386B}"
EndProject
Global
	GlobalSection(SolutionConfigurationPlatforms) = preSolution
		Debug|Any CPU = Debug|Any CPU
		Release|Any CPU = Release|Any CPU
	EndGlobalSection
	GlobalSection(ProjectConfigurationPlatforms) = postSolution
		{ECF8C75D-B81B-4BAA-9C1C-9E65A0A5A59E}.Debug|Any CPU.ActiveCfg = Debug|Any CPU
		{ECF8C75D-B81B-4BAA-9C1C-9E65A0A5A59E}.Debug|Any CPU.Build.0 = Debug|Any CPU
		{ECF8C75D-B81B-4BAA-9C1C-9E65A0A5A59E}.Release|Any CPU.ActiveCfg = Release|Any CPU
		{ECF8C75D-B81B-4BAA-9C1C-9E65A0A5A59E}.Release|Any CPU.Build.0 = Release|Any CPU
		{46068B79-C391-495D-B55E-E01FFCC0386B}.Debug|Any CPU.ActiveCfg = Debug|Any CPU
		{46068B79-C391-495D-B55E-E01FFCC0386B}.Debug|Any CPU.Build.0 = Debug|Any CPU
		{46068B79-C391-495D-B55E-E01FFCC0386B}.Release|Any CPU.ActiveCfg = Release|Any CPU
		{46068B79-C391-495D-B55E-E01FFCC0386B}.Release|Any CPU.Build.0 = Release|Any CPU
	EndGlobalSection
	GlobalSection(SolutionProperties) = preSolution
		HideSolutionNode = FALSE
	EndGlobalSection
	GlobalSection(ExtensibilityGlobals) = postSolution
		SolutionGuid = {94E125E3-4F4E-4BCB-8C0C-52E06ECE3E69}
	EndGlobalSection
EndGlobal
